
Microsoft Visual Studio Solution File, Format Version 12.00
# Visual Studio Version 16
VisualStudioVersion = 16.0.30717.126
MinimumVisualStudioVersion = 10.0.40219.1
Project("{9A19103F-16F7-4668-BE54-9A1E7A4F7556}") = "AddressBookInCsharp", "AddressBookInCsharp\AddressBookInCsharp.csproj", "{69FACF71-586E-4B05-9AF8-077C21ED5428}"
EndProject
Global
	GlobalSection(SolutionConfigurationPlatforms) = preSolution
		Debug|Any CPU = Debug|Any CPU
		Release|Any CPU = Release|Any CPU
	EndGlobalSection
	GlobalSection(ProjectConfigurationPlatforms) = postSolution
		{69FACF71-586E-4B05-9AF8-077C21ED5428}.Debug|Any CPU.ActiveCfg = Debug|Any CPU
		{69FACF71-586E-4B05-9AF8-077C21ED5428}.Debug|Any CPU.Build.0 = Debug|Any CPU
		{69FACF71-586E-4B05-9AF8-077C21ED5428}.Release|Any CPU.ActiveCfg = Release|Any CPU
		{69FACF71-586E-4B05-9AF8-077C21ED5428}.Release|Any CPU.Build.0 = Release|Any CPU
	EndGlobalSection
	GlobalSection(SolutionProperties) = preSolution
		HideSolutionNode = FALSE
	EndGlobalSection
	GlobalSection(ExtensibilityGlobals) = postSolution
		SolutionGuid = {EB8765CB-E279-492D-AD23-1660D66E3F55}
	EndGlobalSection
EndGlobal
